# THIS IS AN AUTOGENERATED FILE. DO NOT EDIT THIS FILE DIRECTLY.
# yarn lockfile v1


"@popperjs/core@^2.8.3":
  version "2.9.1"
  resolved "https://registry.yarnpkg.com/@popperjs/core/-/core-2.9.1.tgz#7f554e7368c9ab679a11f4a042ca17149d70cf12"
  integrity sha512-DvJbbn3dUgMxDnJLH+RZQPnXak1h4ZVYQ7CWiFWjQwBFkVajT4rfw2PdpHLTSTwxrYfnoEXkuBiwkDm6tPMQeA==

tippy.js@^6.3.1:
  version "6.3.1"
  resolved "https://registry.yarnpkg.com/tippy.js/-/tippy.js-6.3.1.tgz#3788a007be7015eee0fd589a66b98fb3f8f10181"
  integrity sha512-JnFncCq+rF1dTURupoJ4yPie5Cof978inW6/4S6kmWV7LL9YOSEVMifED3KdrVPEG+Z/TFH2CDNJcQEfaeuQww==
  dependencies:
    "@popperjs/core" "^2.8.3"
